// !$*UTF8*$!
{
	archiveVersion = 1;
	classes = {
	};
	objectVersion = 46;
	objects = {

/* Begin PBXBuildFile section */
		A42ADDFF1F4F1CCF00B1DEFC /* BlueBell.framework in Frameworks */ = {isa = PBXBuildFile; fileRef = A42ADDF51F4F1CCF00B1DEFC /* BlueBell.framework */; };
		A42ADE061F4F1CCF00B1DEFC /* BlueBell.h in Headers */ = {isa = PBXBuildFile; fileRef = A42ADDF81F4F1CCF00B1DEFC /* BlueBell.h */; settings = {ATTRIBUTES = (Public, ); }; };
		A42ADE111F4F1D7900B1DEFC /* Characteristic.swift in Sources */ = {isa = PBXBuildFile; fileRef = A42ADE101F4F1D7900B1DEFC /* Characteristic.swift */; };
		A42ADE141F4F1DA700B1DEFC /* PeripheralOperation.swift in Sources */ = {isa = PBXBuildFile; fileRef = A42ADE131F4F1DA700B1DEFC /* PeripheralOperation.swift */; };
		A42ADE161F4F1DC300B1DEFC /* PeripheralCommand.swift in Sources */ = {isa = PBXBuildFile; fileRef = A42ADE151F4F1DC300B1DEFC /* PeripheralCommand.swift */; };
		A42ADE181F4F1DD100B1DEFC /* PeripheralSubscription.swift in Sources */ = {isa = PBXBuildFile; fileRef = A42ADE171F4F1DD100B1DEFC /* PeripheralSubscription.swift */; };
		A42ADE1D1F4F1E4A00B1DEFC /* PeripheralClient.swift in Sources */ = {isa = PBXBuildFile; fileRef = A42ADE1C1F4F1E4A00B1DEFC /* PeripheralClient.swift */; };
		A42ADE1F1F50149C00B1DEFC /* PeripheralClient+Request.swift in Sources */ = {isa = PBXBuildFile; fileRef = A42ADE1E1F50149C00B1DEFC /* PeripheralClient+Request.swift */; };
		A42ADE211F5014A800B1DEFC /* PeripheralClient+RequestQueue.swift in Sources */ = {isa = PBXBuildFile; fileRef = A42ADE201F5014A800B1DEFC /* PeripheralClient+RequestQueue.swift */; };
		A42ADE231F5014B200B1DEFC /* PeripheralClient+Notification.swift in Sources */ = {isa = PBXBuildFile; fileRef = A42ADE221F5014B200B1DEFC /* PeripheralClient+Notification.swift */; };
		A42ADE251F5014BD00B1DEFC /* PeripheralClient+Notifier.swift in Sources */ = {isa = PBXBuildFile; fileRef = A42ADE241F5014BD00B1DEFC /* PeripheralClient+Notifier.swift */; };
		A42ADE271F5014C900B1DEFC /* PeripheralClient+Delegate.swift in Sources */ = {isa = PBXBuildFile; fileRef = A42ADE261F5014C900B1DEFC /* PeripheralClient+Delegate.swift */; };
		A42ADE281F5015C200B1DEFC /* CharacteristicDataTransformer.swift in Sources */ = {isa = PBXBuildFile; fileRef = A42ADE191F4F1E0200B1DEFC /* CharacteristicDataTransformer.swift */; };
		A42ADE2B1F50165E00B1DEFC /* PeripheralCenter.swift in Sources */ = {isa = PBXBuildFile; fileRef = A42ADE2A1F50165E00B1DEFC /* PeripheralCenter.swift */; };
		A42ADE5A1F50189D00B1DEFC /* Service.swift in Sources */ = {isa = PBXBuildFile; fileRef = A42ADE591F50189D00B1DEFC /* Service.swift */; };
		A42ADE5C1F5019DC00B1DEFC /* Peripheral.swift in Sources */ = {isa = PBXBuildFile; fileRef = A42ADE5B1F5019DC00B1DEFC /* Peripheral.swift */; };
		A42ADE601F50203B00B1DEFC /* PeripheralCenter+Central.swift in Sources */ = {isa = PBXBuildFile; fileRef = A42ADE5F1F50203B00B1DEFC /* PeripheralCenter+Central.swift */; };
		A42ADE641F502E6400B1DEFC /* Types.swift in Sources */ = {isa = PBXBuildFile; fileRef = A42ADE631F502E6400B1DEFC /* Types.swift */; };
		A42ADE661F504C9800B1DEFC /* PeripheralCenter+Discoverer.swift in Sources */ = {isa = PBXBuildFile; fileRef = A42ADE651F504C9800B1DEFC /* PeripheralCenter+Discoverer.swift */; };
		A42ADE681F505AE300B1DEFC /* BlueModel.swift in Sources */ = {isa = PBXBuildFile; fileRef = A42ADE671F505AE300B1DEFC /* BlueModel.swift */; };
		A42ADE6B1F505B9000B1DEFC /* Extensions.swift in Sources */ = {isa = PBXBuildFile; fileRef = A42ADE6A1F505B9000B1DEFC /* Extensions.swift */; };
		A4F30B341F5432DF0044EB1B /* StubCBPeripheral.swift in Sources */ = {isa = PBXBuildFile; fileRef = A4F30B331F5432DF0044EB1B /* StubCBPeripheral.swift */; };
		A4F30B3B1F5451B90044EB1B /* Operators.swift in Sources */ = {isa = PBXBuildFile; fileRef = A4F30B3A1F5451B90044EB1B /* Operators.swift */; };
		A4F76EFB1F54099B00A9E515 /* PeripheralCenter+CentralTests.swift in Sources */ = {isa = PBXBuildFile; fileRef = A4F76EFA1F54099B00A9E515 /* PeripheralCenter+CentralTests.swift */; };
		A4F76EFE1F5417B500A9E515 /* FakeCBCentralManager.swift in Sources */ = {isa = PBXBuildFile; fileRef = A4F76EFD1F5417B500A9E515 /* FakeCBCentralManager.swift */; };
		A4F76F001F541A1A00A9E515 /* StubPeripheral.swift in Sources */ = {isa = PBXBuildFile; fileRef = A4F76EFF1F541A1A00A9E515 /* StubPeripheral.swift */; };
		A4F76F031F5427F300A9E515 /* StubService.swift in Sources */ = {isa = PBXBuildFile; fileRef = A4F76F021F5427F300A9E515 /* StubService.swift */; };
/* End PBXBuildFile section */

/* Begin PBXContainerItemProxy section */
		A42ADE001F4F1CCF00B1DEFC /* PBXContainerItemProxy */ = {
			isa = PBXContainerItemProxy;
			containerPortal = A42ADDEC1F4F1CCF00B1DEFC /* Project object */;
			proxyType = 1;
			remoteGlobalIDString = A42ADDF41F4F1CCF00B1DEFC;
			remoteInfo = BlueBell;
		};
/* End PBXContainerItemProxy section */

/* Begin PBXFileReference section */
		A42ADDF51F4F1CCF00B1DEFC /* BlueBell.framework */ = {isa = PBXFileReference; explicitFileType = wrapper.framework; includeInIndex = 0; path = BlueBell.framework; sourceTree = BUILT_PRODUCTS_DIR; };
		A42ADDF81F4F1CCF00B1DEFC /* BlueBell.h */ = {isa = PBXFileReference; lastKnownFileType = sourcecode.c.h; path = BlueBell.h; sourceTree = "<group>"; };
		A42ADDF91F4F1CCF00B1DEFC /* Info.plist */ = {isa = PBXFileReference; lastKnownFileType = text.plist.xml; path = Info.plist; sourceTree = "<group>"; };
		A42ADDFE1F4F1CCF00B1DEFC /* BlueBellTests.xctest */ = {isa = PBXFileReference; explicitFileType = wrapper.cfbundle; includeInIndex = 0; path = BlueBellTests.xctest; sourceTree = BUILT_PRODUCTS_DIR; };
		A42ADE051F4F1CCF00B1DEFC /* Info.plist */ = {isa = PBXFileReference; lastKnownFileType = text.plist.xml; path = Info.plist; sourceTree = "<group>"; };
		A42ADE101F4F1D7900B1DEFC /* Characteristic.swift */ = {isa = PBXFileReference; fileEncoding = 4; lastKnownFileType = sourcecode.swift; path = Characteristic.swift; sourceTree = "<group>"; };
		A42ADE131F4F1DA700B1DEFC /* PeripheralOperation.swift */ = {isa = PBXFileReference; fileEncoding = 4; lastKnownFileType = sourcecode.swift; path = PeripheralOperation.swift; sourceTree = "<group>"; };
		A42ADE151F4F1DC300B1DEFC /* PeripheralCommand.swift */ = {isa = PBXFileReference; fileEncoding = 4; lastKnownFileType = sourcecode.swift; path = PeripheralCommand.swift; sourceTree = "<group>"; };
		A42ADE171F4F1DD100B1DEFC /* PeripheralSubscription.swift */ = {isa = PBXFileReference; fileEncoding = 4; lastKnownFileType = sourcecode.swift; path = PeripheralSubscription.swift; sourceTree = "<group>"; };
		A42ADE191F4F1E0200B1DEFC /* CharacteristicDataTransformer.swift */ = {isa = PBXFileReference; fileEncoding = 4; lastKnownFileType = sourcecode.swift; path = CharacteristicDataTransformer.swift; sourceTree = "<group>"; };
		A42ADE1C1F4F1E4A00B1DEFC /* PeripheralClient.swift */ = {isa = PBXFileReference; fileEncoding = 4; lastKnownFileType = sourcecode.swift; path = PeripheralClient.swift; sourceTree = "<group>"; };
		A42ADE1E1F50149C00B1DEFC /* PeripheralClient+Request.swift */ = {isa = PBXFileReference; fileEncoding = 4; lastKnownFileType = sourcecode.swift; path = "PeripheralClient+Request.swift"; sourceTree = "<group>"; };
		A42ADE201F5014A800B1DEFC /* PeripheralClient+RequestQueue.swift */ = {isa = PBXFileReference; fileEncoding = 4; lastKnownFileType = sourcecode.swift; path = "PeripheralClient+RequestQueue.swift"; sourceTree = "<group>"; };
		A42ADE221F5014B200B1DEFC /* PeripheralClient+Notification.swift */ = {isa = PBXFileReference; fileEncoding = 4; lastKnownFileType = sourcecode.swift; path = "PeripheralClient+Notification.swift"; sourceTree = "<group>"; };
		A42ADE241F5014BD00B1DEFC /* PeripheralClient+Notifier.swift */ = {isa = PBXFileReference; fileEncoding = 4; lastKnownFileType = sourcecode.swift; path = "PeripheralClient+Notifier.swift"; sourceTree = "<group>"; };
		A42ADE261F5014C900B1DEFC /* PeripheralClient+Delegate.swift */ = {isa = PBXFileReference; fileEncoding = 4; lastKnownFileType = sourcecode.swift; path = "PeripheralClient+Delegate.swift"; sourceTree = "<group>"; };
		A42ADE2A1F50165E00B1DEFC /* PeripheralCenter.swift */ = {isa = PBXFileReference; fileEncoding = 4; lastKnownFileType = sourcecode.swift; path = PeripheralCenter.swift; sourceTree = "<group>"; };
		A42ADE591F50189D00B1DEFC /* Service.swift */ = {isa = PBXFileReference; fileEncoding = 4; lastKnownFileType = sourcecode.swift; path = Service.swift; sourceTree = "<group>"; };
		A42ADE5B1F5019DC00B1DEFC /* Peripheral.swift */ = {isa = PBXFileReference; fileEncoding = 4; lastKnownFileType = sourcecode.swift; path = Peripheral.swift; sourceTree = "<group>"; };
		A42ADE5F1F50203B00B1DEFC /* PeripheralCenter+Central.swift */ = {isa = PBXFileReference; fileEncoding = 4; lastKnownFileType = sourcecode.swift; path = "PeripheralCenter+Central.swift"; sourceTree = "<group>"; };
		A42ADE631F502E6400B1DEFC /* Types.swift */ = {isa = PBXFileReference; fileEncoding = 4; lastKnownFileType = sourcecode.swift; path = Types.swift; sourceTree = "<group>"; };
		A42ADE651F504C9800B1DEFC /* PeripheralCenter+Discoverer.swift */ = {isa = PBXFileReference; fileEncoding = 4; lastKnownFileType = sourcecode.swift; path = "PeripheralCenter+Discoverer.swift"; sourceTree = "<group>"; };
		A42ADE671F505AE300B1DEFC /* BlueModel.swift */ = {isa = PBXFileReference; fileEncoding = 4; lastKnownFileType = sourcecode.swift; path = BlueModel.swift; sourceTree = "<group>"; };
		A42ADE6A1F505B9000B1DEFC /* Extensions.swift */ = {isa = PBXFileReference; fileEncoding = 4; lastKnownFileType = sourcecode.swift; path = Extensions.swift; sourceTree = "<group>"; };
		A4F30B331F5432DF0044EB1B /* StubCBPeripheral.swift */ = {isa = PBXFileReference; fileEncoding = 4; lastKnownFileType = sourcecode.swift; path = StubCBPeripheral.swift; sourceTree = "<group>"; };
		A4F30B3A1F5451B90044EB1B /* Operators.swift */ = {isa = PBXFileReference; fileEncoding = 4; lastKnownFileType = sourcecode.swift; path = Operators.swift; sourceTree = "<group>"; };
		A4F76EFA1F54099B00A9E515 /* PeripheralCenter+CentralTests.swift */ = {isa = PBXFileReference; fileEncoding = 4; lastKnownFileType = sourcecode.swift; path = "PeripheralCenter+CentralTests.swift"; sourceTree = "<group>"; };
		A4F76EFD1F5417B500A9E515 /* FakeCBCentralManager.swift */ = {isa = PBXFileReference; fileEncoding = 4; lastKnownFileType = sourcecode.swift; path = FakeCBCentralManager.swift; sourceTree = "<group>"; };
		A4F76EFF1F541A1A00A9E515 /* StubPeripheral.swift */ = {isa = PBXFileReference; fileEncoding = 4; lastKnownFileType = sourcecode.swift; path = StubPeripheral.swift; sourceTree = "<group>"; };
		A4F76F021F5427F300A9E515 /* StubService.swift */ = {isa = PBXFileReference; fileEncoding = 4; lastKnownFileType = sourcecode.swift; path = StubService.swift; sourceTree = "<group>"; };
/* End PBXFileReference section */

/* Begin PBXFrameworksBuildPhase section */
		A42ADDF11F4F1CCF00B1DEFC /* Frameworks */ = {
			isa = PBXFrameworksBuildPhase;
			buildActionMask = 2147483647;
			files = (
			);
			runOnlyForDeploymentPostprocessing = 0;
		};
		A42ADDFB1F4F1CCF00B1DEFC /* Frameworks */ = {
			isa = PBXFrameworksBuildPhase;
			buildActionMask = 2147483647;
			files = (
				A42ADDFF1F4F1CCF00B1DEFC /* BlueBell.framework in Frameworks */,
			);
			runOnlyForDeploymentPostprocessing = 0;
		};
/* End PBXFrameworksBuildPhase section */

/* Begin PBXGroup section */
		A42ADDEB1F4F1CCF00B1DEFC = {
			isa = PBXGroup;
			children = (
				A42ADDF71F4F1CCF00B1DEFC /* BlueBell */,
				A42ADE021F4F1CCF00B1DEFC /* BlueBellTests */,
				A42ADDF61F4F1CCF00B1DEFC /* Products */,
			);
			sourceTree = "<group>";
		};
		A42ADDF61F4F1CCF00B1DEFC /* Products */ = {
			isa = PBXGroup;
			children = (
				A42ADDF51F4F1CCF00B1DEFC /* BlueBell.framework */,
				A42ADDFE1F4F1CCF00B1DEFC /* BlueBellTests.xctest */,
			);
			name = Products;
			sourceTree = "<group>";
		};
		A42ADDF71F4F1CCF00B1DEFC /* BlueBell */ = {
			isa = PBXGroup;
			children = (
				A42ADE621F502E5B00B1DEFC /* Common */,
				A42ADE0F1F4F1D5D00B1DEFC /* Models */,
				A42ADE121F4F1D8800B1DEFC /* Operations */,
				A42ADE1B1F4F1E3600B1DEFC /* Client */,
				A42ADE291F50162900B1DEFC /* Center */,
				A42ADDF81F4F1CCF00B1DEFC /* BlueBell.h */,
				A42ADDF91F4F1CCF00B1DEFC /* Info.plist */,
			);
			path = BlueBell;
			sourceTree = "<group>";
		};
		A42ADE021F4F1CCF00B1DEFC /* BlueBellTests */ = {
			isa = PBXGroup;
			children = (
				A4F30B391F5451AE0044EB1B /* Extensions */,
				A4F76EFC1F5417A400A9E515 /* Mocks, Stubs, Fakes */,
				A4F76EF91F54098500A9E515 /* Center */,
				A42ADE051F4F1CCF00B1DEFC /* Info.plist */,
			);
			path = BlueBellTests;
			sourceTree = "<group>";
		};
		A42ADE0F1F4F1D5D00B1DEFC /* Models */ = {
			isa = PBXGroup;
			children = (
				A42ADE671F505AE300B1DEFC /* BlueModel.swift */,
				A42ADE5B1F5019DC00B1DEFC /* Peripheral.swift */,
				A42ADE591F50189D00B1DEFC /* Service.swift */,
				A42ADE101F4F1D7900B1DEFC /* Characteristic.swift */,
			);
			name = Models;
			sourceTree = "<group>";
		};
		A42ADE121F4F1D8800B1DEFC /* Operations */ = {
			isa = PBXGroup;
			children = (
				A42ADE131F4F1DA700B1DEFC /* PeripheralOperation.swift */,
				A42ADE151F4F1DC300B1DEFC /* PeripheralCommand.swift */,
				A42ADE171F4F1DD100B1DEFC /* PeripheralSubscription.swift */,
				A42ADE191F4F1E0200B1DEFC /* CharacteristicDataTransformer.swift */,
			);
			name = Operations;
			sourceTree = "<group>";
		};
		A42ADE1B1F4F1E3600B1DEFC /* Client */ = {
			isa = PBXGroup;
			children = (
				A42ADE1C1F4F1E4A00B1DEFC /* PeripheralClient.swift */,
				A42ADE1E1F50149C00B1DEFC /* PeripheralClient+Request.swift */,
				A42ADE201F5014A800B1DEFC /* PeripheralClient+RequestQueue.swift */,
				A42ADE221F5014B200B1DEFC /* PeripheralClient+Notification.swift */,
				A42ADE241F5014BD00B1DEFC /* PeripheralClient+Notifier.swift */,
				A42ADE261F5014C900B1DEFC /* PeripheralClient+Delegate.swift */,
			);
			name = Client;
			sourceTree = "<group>";
		};
		A42ADE291F50162900B1DEFC /* Center */ = {
			isa = PBXGroup;
			children = (
				A42ADE2A1F50165E00B1DEFC /* PeripheralCenter.swift */,
				A42ADE5F1F50203B00B1DEFC /* PeripheralCenter+Central.swift */,
				A42ADE651F504C9800B1DEFC /* PeripheralCenter+Discoverer.swift */,
			);
			name = Center;
			sourceTree = "<group>";
		};
		A42ADE621F502E5B00B1DEFC /* Common */ = {
			isa = PBXGroup;
			children = (
				A42ADE631F502E6400B1DEFC /* Types.swift */,
				A42ADE6A1F505B9000B1DEFC /* Extensions.swift */,
			);
			name = Common;
			sourceTree = "<group>";
		};
		A4F30B391F5451AE0044EB1B /* Extensions */ = {
			isa = PBXGroup;
			children = (
				A4F30B3A1F5451B90044EB1B /* Operators.swift */,
			);
			name = Extensions;
			sourceTree = "<group>";
		};
		A4F76EF91F54098500A9E515 /* Center */ = {
			isa = PBXGroup;
			children = (
				A4F76EFA1F54099B00A9E515 /* PeripheralCenter+CentralTests.swift */,
			);
			name = Center;
			sourceTree = "<group>";
		};
		A4F76EFC1F5417A400A9E515 /* Mocks, Stubs, Fakes */ = {
			isa = PBXGroup;
			children = (
				A4F76EFD1F5417B500A9E515 /* FakeCBCentralManager.swift */,
				A4F76EFF1F541A1A00A9E515 /* StubPeripheral.swift */,
				A4F76F021F5427F300A9E515 /* StubService.swift */,
				A4F30B331F5432DF0044EB1B /* StubCBPeripheral.swift */,
			);
			name = "Mocks, Stubs, Fakes";
			sourceTree = "<group>";
		};
/* End PBXGroup section */

/* Begin PBXHeadersBuildPhase section */
		A42ADDF21F4F1CCF00B1DEFC /* Headers */ = {
			isa = PBXHeadersBuildPhase;
			buildActionMask = 2147483647;
			files = (
				A42ADE061F4F1CCF00B1DEFC /* BlueBell.h in Headers */,
			);
			runOnlyForDeploymentPostprocessing = 0;
		};
/* End PBXHeadersBuildPhase section */

/* Begin PBXNativeTarget section */
		A42ADDF41F4F1CCF00B1DEFC /* BlueBell */ = {
			isa = PBXNativeTarget;
			buildConfigurationList = A42ADE091F4F1CCF00B1DEFC /* Build configuration list for PBXNativeTarget "BlueBell" */;
			buildPhases = (
				A42ADDF01F4F1CCF00B1DEFC /* Sources */,
				A42ADDF11F4F1CCF00B1DEFC /* Frameworks */,
				A42ADDF21F4F1CCF00B1DEFC /* Headers */,
				A42ADDF31F4F1CCF00B1DEFC /* Resources */,
			);
			buildRules = (
			);
			dependencies = (
			);
			name = BlueBell;
			productName = BlueBell;
			productReference = A42ADDF51F4F1CCF00B1DEFC /* BlueBell.framework */;
			productType = "com.apple.product-type.framework";
		};
		A42ADDFD1F4F1CCF00B1DEFC /* BlueBellTests */ = {
			isa = PBXNativeTarget;
			buildConfigurationList = A42ADE0C1F4F1CCF00B1DEFC /* Build configuration list for PBXNativeTarget "BlueBellTests" */;
			buildPhases = (
				A42ADDFA1F4F1CCF00B1DEFC /* Sources */,
				A42ADDFB1F4F1CCF00B1DEFC /* Frameworks */,
				A42ADDFC1F4F1CCF00B1DEFC /* Resources */,
			);
			buildRules = (
			);
			dependencies = (
				A42ADE011F4F1CCF00B1DEFC /* PBXTargetDependency */,
			);
			name = BlueBellTests;
			productName = BlueBellTests;
			productReference = A42ADDFE1F4F1CCF00B1DEFC /* BlueBellTests.xctest */;
			productType = "com.apple.product-type.bundle.unit-test";
		};
/* End PBXNativeTarget section */

/* Begin PBXProject section */
		A42ADDEC1F4F1CCF00B1DEFC /* Project object */ = {
			isa = PBXProject;
			attributes = {
				LastSwiftUpdateCheck = 0830;
				LastUpgradeCheck = 0830;
				ORGANIZATIONNAME = "Paweł Sporysz";
				TargetAttributes = {
					A42ADDF41F4F1CCF00B1DEFC = {
						CreatedOnToolsVersion = 8.3.3;
						LastSwiftMigration = 0830;
						ProvisioningStyle = Automatic;
					};
					A42ADDFD1F4F1CCF00B1DEFC = {
						CreatedOnToolsVersion = 8.3.3;
						LastSwiftMigration = 0830;
						ProvisioningStyle = Automatic;
					};
				};
			};
			buildConfigurationList = A42ADDEF1F4F1CCF00B1DEFC /* Build configuration list for PBXProject "BlueBell" */;
			compatibilityVersion = "Xcode 3.2";
			developmentRegion = English;
			hasScannedForEncodings = 0;
			knownRegions = (
				en,
			);
			mainGroup = A42ADDEB1F4F1CCF00B1DEFC;
			productRefGroup = A42ADDF61F4F1CCF00B1DEFC /* Products */;
			projectDirPath = "";
			projectRoot = "";
			targets = (
				A42ADDF41F4F1CCF00B1DEFC /* BlueBell */,
				A42ADDFD1F4F1CCF00B1DEFC /* BlueBellTests */,
			);
		};
/* End PBXProject section */

/* Begin PBXResourcesBuildPhase section */
		A42ADDF31F4F1CCF00B1DEFC /* Resources */ = {
			isa = PBXResourcesBuildPhase;
			buildActionMask = 2147483647;
			files = (
			);
			runOnlyForDeploymentPostprocessing = 0;
		};
		A42ADDFC1F4F1CCF00B1DEFC /* Resources */ = {
			isa = PBXResourcesBuildPhase;
			buildActionMask = 2147483647;
			files = (
			);
			runOnlyForDeploymentPostprocessing = 0;
		};
/* End PBXResourcesBuildPhase section */

/* Begin PBXSourcesBuildPhase section */
		A42ADDF01F4F1CCF00B1DEFC /* Sources */ = {
			isa = PBXSourcesBuildPhase;
			buildActionMask = 2147483647;
			files = (
				A42ADE251F5014BD00B1DEFC /* PeripheralClient+Notifier.swift in Sources */,
				A42ADE5C1F5019DC00B1DEFC /* Peripheral.swift in Sources */,
				A42ADE5A1F50189D00B1DEFC /* Service.swift in Sources */,
				A42ADE181F4F1DD100B1DEFC /* PeripheralSubscription.swift in Sources */,
				A42ADE281F5015C200B1DEFC /* CharacteristicDataTransformer.swift in Sources */,
				A42ADE211F5014A800B1DEFC /* PeripheralClient+RequestQueue.swift in Sources */,
				A42ADE161F4F1DC300B1DEFC /* PeripheralCommand.swift in Sources */,
				A42ADE6B1F505B9000B1DEFC /* Extensions.swift in Sources */,
				A42ADE111F4F1D7900B1DEFC /* Characteristic.swift in Sources */,
				A42ADE601F50203B00B1DEFC /* PeripheralCenter+Central.swift in Sources */,
				A42ADE681F505AE300B1DEFC /* BlueModel.swift in Sources */,
				A42ADE1F1F50149C00B1DEFC /* PeripheralClient+Request.swift in Sources */,
				A42ADE1D1F4F1E4A00B1DEFC /* PeripheralClient.swift in Sources */,
				A42ADE641F502E6400B1DEFC /* Types.swift in Sources */,
				A42ADE141F4F1DA700B1DEFC /* PeripheralOperation.swift in Sources */,
				A42ADE2B1F50165E00B1DEFC /* PeripheralCenter.swift in Sources */,
				A42ADE271F5014C900B1DEFC /* PeripheralClient+Delegate.swift in Sources */,
				A42ADE661F504C9800B1DEFC /* PeripheralCenter+Discoverer.swift in Sources */,
				A42ADE231F5014B200B1DEFC /* PeripheralClient+Notification.swift in Sources */,
			);
			runOnlyForDeploymentPostprocessing = 0;
		};
		A42ADDFA1F4F1CCF00B1DEFC /* Sources */ = {
			isa = PBXSourcesBuildPhase;
			buildActionMask = 2147483647;
			files = (
				A4F30B341F5432DF0044EB1B /* StubCBPeripheral.swift in Sources */,
				A4F76F001F541A1A00A9E515 /* StubPeripheral.swift in Sources */,
				A4F76EFE1F5417B500A9E515 /* FakeCBCentralManager.swift in Sources */,
				A4F76EFB1F54099B00A9E515 /* PeripheralCenter+CentralTests.swift in Sources */,
				A4F76F031F5427F300A9E515 /* StubService.swift in Sources */,
				A4F30B3B1F5451B90044EB1B /* Operators.swift in Sources */,
			);
			runOnlyForDeploymentPostprocessing = 0;
		};
/* End PBXSourcesBuildPhase section */

/* Begin PBXTargetDependency section */
		A42ADE011F4F1CCF00B1DEFC /* PBXTargetDependency */ = {
			isa = PBXTargetDependency;
			target = A42ADDF41F4F1CCF00B1DEFC /* BlueBell */;
			targetProxy = A42ADE001F4F1CCF00B1DEFC /* PBXContainerItemProxy */;
		};
/* End PBXTargetDependency section */

/* Begin XCBuildConfiguration section */
		A42ADE071F4F1CCF00B1DEFC /* Debug */ = {
			isa = XCBuildConfiguration;
			buildSettings = {
				ALWAYS_SEARCH_USER_PATHS = NO;
				CLANG_ANALYZER_NONNULL = YES;
				CLANG_ANALYZER_NUMBER_OBJECT_CONVERSION = YES_AGGRESSIVE;
				CLANG_CXX_LANGUAGE_STANDARD = "gnu++0x";
				CLANG_CXX_LIBRARY = "libc++";
				CLANG_ENABLE_MODULES = YES;
				CLANG_ENABLE_OBJC_ARC = YES;
				CLANG_WARN_BOOL_CONVERSION = YES;
				CLANG_WARN_CONSTANT_CONVERSION = YES;
				CLANG_WARN_DIRECT_OBJC_ISA_USAGE = YES_ERROR;
				CLANG_WARN_DOCUMENTATION_COMMENTS = YES;
				CLANG_WARN_EMPTY_BODY = YES;
				CLANG_WARN_ENUM_CONVERSION = YES;
				CLANG_WARN_INFINITE_RECURSION = YES;
				CLANG_WARN_INT_CONVERSION = YES;
				CLANG_WARN_OBJC_ROOT_CLASS = YES_ERROR;
				CLANG_WARN_SUSPICIOUS_MOVE = YES;
				CLANG_WARN_UNREACHABLE_CODE = YES;
				CLANG_WARN__DUPLICATE_METHOD_MATCH = YES;
				"CODE_SIGN_IDENTITY[sdk=iphoneos*]" = "iPhone Developer";
				COPY_PHASE_STRIP = NO;
				CURRENT_PROJECT_VERSION = 1;
				DEBUG_INFORMATION_FORMAT = dwarf;
				ENABLE_STRICT_OBJC_MSGSEND = YES;
				ENABLE_TESTABILITY = YES;
				GCC_C_LANGUAGE_STANDARD = gnu99;
				GCC_DYNAMIC_NO_PIC = NO;
				GCC_NO_COMMON_BLOCKS = YES;
				GCC_OPTIMIZATION_LEVEL = 0;
				GCC_PREPROCESSOR_DEFINITIONS = (
					"DEBUG=1",
					"$(inherited)",
				);
				GCC_WARN_64_TO_32_BIT_CONVERSION = YES;
				GCC_WARN_ABOUT_RETURN_TYPE = YES_ERROR;
				GCC_WARN_UNDECLARED_SELECTOR = YES;
				GCC_WARN_UNINITIALIZED_AUTOS = YES_AGGRESSIVE;
				GCC_WARN_UNUSED_FUNCTION = YES;
				GCC_WARN_UNUSED_VARIABLE = YES;
				IPHONEOS_DEPLOYMENT_TARGET = 10.3;
				MTL_ENABLE_DEBUG_INFO = YES;
				ONLY_ACTIVE_ARCH = YES;
				SDKROOT = iphoneos;
				SWIFT_ACTIVE_COMPILATION_CONDITIONS = DEBUG;
				SWIFT_OPTIMIZATION_LEVEL = "-Onone";
				TARGETED_DEVICE_FAMILY = "1,2";
				VERSIONING_SYSTEM = "apple-generic";
				VERSION_INFO_PREFIX = "";
			};
			name = Debug;
		};
		A42ADE081F4F1CCF00B1DEFC /* Release */ = {
			isa = XCBuildConfiguration;
			buildSettings = {
				ALWAYS_SEARCH_USER_PATHS = NO;
				CLANG_ANALYZER_NONNULL = YES;
				CLANG_ANALYZER_NUMBER_OBJECT_CONVERSION = YES_AGGRESSIVE;
				CLANG_CXX_LANGUAGE_STANDARD = "gnu++0x";
				CLANG_CXX_LIBRARY = "libc++";
				CLANG_ENABLE_MODULES = YES;
				CLANG_ENABLE_OBJC_ARC = YES;
				CLANG_WARN_BOOL_CONVERSION = YES;
				CLANG_WARN_CONSTANT_CONVERSION = YES;
				CLANG_WARN_DIRECT_OBJC_ISA_USAGE = YES_ERROR;
				CLANG_WARN_DOCUMENTATION_COMMENTS = YES;
				CLANG_WARN_EMPTY_BODY = YES;
				CLANG_WARN_ENUM_CONVERSION = YES;
				CLANG_WARN_INFINITE_RECURSION = YES;
				CLANG_WARN_INT_CONVERSION = YES;
				CLANG_WARN_OBJC_ROOT_CLASS = YES_ERROR;
				CLANG_WARN_SUSPICIOUS_MOVE = YES;
				CLANG_WARN_UNREACHABLE_CODE = YES;
				CLANG_WARN__DUPLICATE_METHOD_MATCH = YES;
				"CODE_SIGN_IDENTITY[sdk=iphoneos*]" = "iPhone Developer";
				COPY_PHASE_STRIP = NO;
				CURRENT_PROJECT_VERSION = 1;
				DEBUG_INFORMATION_FORMAT = "dwarf-with-dsym";
				ENABLE_NS_ASSERTIONS = NO;
				ENABLE_STRICT_OBJC_MSGSEND = YES;
				GCC_C_LANGUAGE_STANDARD = gnu99;
				GCC_NO_COMMON_BLOCKS = YES;
				GCC_WARN_64_TO_32_BIT_CONVERSION = YES;
				GCC_WARN_ABOUT_RETURN_TYPE = YES_ERROR;
				GCC_WARN_UNDECLARED_SELECTOR = YES;
				GCC_WARN_UNINITIALIZED_AUTOS = YES_AGGRESSIVE;
				GCC_WARN_UNUSED_FUNCTION = YES;
				GCC_WARN_UNUSED_VARIABLE = YES;
				IPHONEOS_DEPLOYMENT_TARGET = 10.3;
				MTL_ENABLE_DEBUG_INFO = NO;
				SDKROOT = iphoneos;
				SWIFT_OPTIMIZATION_LEVEL = "-Owholemodule";
				TARGETED_DEVICE_FAMILY = "1,2";
				VALIDATE_PRODUCT = YES;
				VERSIONING_SYSTEM = "apple-generic";
				VERSION_INFO_PREFIX = "";
			};
			name = Release;
		};
		A42ADE0A1F4F1CCF00B1DEFC /* Debug */ = {
			isa = XCBuildConfiguration;
			buildSettings = {
				CLANG_ENABLE_MODULES = YES;
				CODE_SIGN_IDENTITY = "";
				DEFINES_MODULE = YES;
				DYLIB_COMPATIBILITY_VERSION = 1;
				DYLIB_CURRENT_VERSION = 1;
				DYLIB_INSTALL_NAME_BASE = "@rpath";
				INFOPLIST_FILE = BlueBell/Info.plist;
				INSTALL_PATH = "$(LOCAL_LIBRARY_DIR)/Frameworks";
				LD_RUNPATH_SEARCH_PATHS = "$(inherited) @executable_path/Frameworks @loader_path/Frameworks";
				PRODUCT_BUNDLE_IDENTIFIER = com.pawelsporysz.BlueBell;
				PRODUCT_NAME = "$(TARGET_NAME)";
				SKIP_INSTALL = YES;
				SWIFT_OPTIMIZATION_LEVEL = "-Onone";
				SWIFT_VERSION = 3.0;
			};
			name = Debug;
		};
		A42ADE0B1F4F1CCF00B1DEFC /* Release */ = {
			isa = XCBuildConfiguration;
			buildSettings = {
				CLANG_ENABLE_MODULES = YES;
				CODE_SIGN_IDENTITY = "";
				DEFINES_MODULE = YES;
				DYLIB_COMPATIBILITY_VERSION = 1;
				DYLIB_CURRENT_VERSION = 1;
				DYLIB_INSTALL_NAME_BASE = "@rpath";
				INFOPLIST_FILE = BlueBell/Info.plist;
				INSTALL_PATH = "$(LOCAL_LIBRARY_DIR)/Frameworks";
				LD_RUNPATH_SEARCH_PATHS = "$(inherited) @executable_path/Frameworks @loader_path/Frameworks";
				PRODUCT_BUNDLE_IDENTIFIER = com.pawelsporysz.BlueBell;
				PRODUCT_NAME = "$(TARGET_NAME)";
				SKIP_INSTALL = YES;
				SWIFT_VERSION = 3.0;
			};
			name = Release;
		};
		A42ADE0D1F4F1CCF00B1DEFC /* Debug */ = {
			isa = XCBuildConfiguration;
			buildSettings = {
				ALWAYS_EMBED_SWIFT_STANDARD_LIBRARIES = YES;
				CLANG_ENABLE_MODULES = YES;
				INFOPLIST_FILE = BlueBellTests/Info.plist;
				LD_RUNPATH_SEARCH_PATHS = "$(inherited) @executable_path/Frameworks @loader_path/Frameworks";
				PRODUCT_BUNDLE_IDENTIFIER = com.pawelsporysz.BlueBellTests;
				PRODUCT_NAME = "$(TARGET_NAME)";
				SWIFT_OPTIMIZATION_LEVEL = "-Onone";
				SWIFT_VERSION = 3.0;
			};
			name = Debug;
		};
		A42ADE0E1F4F1CCF00B1DEFC /* Release */ = {
			isa = XCBuildConfiguration;
			buildSettings = {
				ALWAYS_EMBED_SWIFT_STANDARD_LIBRARIES = YES;
				CLANG_ENABLE_MODULES = YES;
				INFOPLIST_FILE = BlueBellTests/Info.plist;
				LD_RUNPATH_SEARCH_PATHS = "$(inherited) @executable_path/Frameworks @loader_path/Frameworks";
				PRODUCT_BUNDLE_IDENTIFIER = com.pawelsporysz.BlueBellTests;
				PRODUCT_NAME = "$(TARGET_NAME)";
				SWIFT_VERSION = 3.0;
			};
			name = Release;
		};
/* End XCBuildConfiguration section */

/* Begin XCConfigurationList section */
		A42ADDEF1F4F1CCF00B1DEFC /* Build configuration list for PBXProject "BlueBell" */ = {
			isa = XCConfigurationList;
			buildConfigurations = (
				A42ADE071F4F1CCF00B1DEFC /* Debug */,
				A42ADE081F4F1CCF00B1DEFC /* Release */,
			);
			defaultConfigurationIsVisible = 0;
			defaultConfigurationName = Release;
		};
		A42ADE091F4F1CCF00B1DEFC /* Build configuration list for PBXNativeTarget "BlueBell" */ = {
			isa = XCConfigurationList;
			buildConfigurations = (
				A42ADE0A1F4F1CCF00B1DEFC /* Debug */,
				A42ADE0B1F4F1CCF00B1DEFC /* Release */,
			);
			defaultConfigurationIsVisible = 0;
			defaultConfigurationName = Release;
		};
		A42ADE0C1F4F1CCF00B1DEFC /* Build configuration list for PBXNativeTarget "BlueBellTests" */ = {
			isa = XCConfigurationList;
			buildConfigurations = (
				A42ADE0D1F4F1CCF00B1DEFC /* Debug */,
				A42ADE0E1F4F1CCF00B1DEFC /* Release */,
			);
			defaultConfigurationIsVisible = 0;
			defaultConfigurationName = Release;
		};
/* End XCConfigurationList section */
	};
	rootObject = A42ADDEC1F4F1CCF00B1DEFC /* Project object */;
}
